{
  "nodes": {
    "execpermfix": {
      "inputs": {
        "flake-utils": "flake-utils",
        "nixpkgs": "nixpkgs"
      },
      "locked": {
        "lastModified": 1675724441,
        "narHash": "sha256-g+7LISkUtKHxOqwuikNSO3KonwmcGwqm/XaPFtSwGRU=",
        "owner": "lpenz",
        "repo": "execpermfix",
        "rev": "c6ffbb31844afdaf7dd787913cf5ed9bb5bbe4f6",
        "type": "github"
      },
      "original": {
        "owner": "lpenz",
        "repo": "execpermfix",
        "type": "github"
      }
    },
    "flake-utils": {
      "locked": {
        "lastModified": 1667395993,
        "narHash": "sha256-nuEHfE/LcWyuSWnS8t12N1wc105Qtau+/OdUAjtQ0rA=",
        "owner": "numtide",
        "repo": "flake-utils",
        "rev": "5aed5285a952e0b949eb3ba02c12fa4fcfef535f",
        "type": "github"
      },
      "original": {
        "owner": "numtide",
        "repo": "flake-utils",
        "type": "github"
      }
    },
    "flake-utils_2": {
      "inputs": {
        "systems": "systems"
      },
      "locked": {
        "lastModified": 1685518550,
        "narHash": "sha256-o2d0KcvaXzTrPRIo0kOLV0/QXHhDQ5DTi+OxcjO8xqY=",
        "owner": "numtide",
        "repo": "flake-utils",
        "rev": "a1720a10a6cfe8234c0e93907ffe81be440f4cef",
        "type": "github"
      },
      "original": {
        "owner": "numtide",
        "repo": "flake-utils",
        "type": "github"
      }
    },
    "flake-utils_3": {
      "locked": {
        "lastModified": 1667395993,
        "narHash": "sha256-nuEHfE/LcWyuSWnS8t12N1wc105Qtau+/OdUAjtQ0rA=",
        "owner": "numtide",
        "repo": "flake-utils",
        "rev": "5aed5285a952e0b949eb3ba02c12fa4fcfef535f",
        "type": "github"
      },
      "original": {
        "owner": "numtide",
        "repo": "flake-utils",
        "type": "github"
      }
    },
    "home-manager": {
      "inputs": {
        "nixpkgs": [
          "nixpkgs"
        ]
      },
      "locked": {
        "lastModified": 1687163790,
        "narHash": "sha256-CmG/ZdswJrWM0CMgJiVyWfO6LqaI4SKEAx9IrnYDrpI=",
        "owner": "nix-community",
        "repo": "home-manager",
        "rev": "ac53777f52929bc82efcd2830bfc5aa60bcb4337",
        "type": "github"
      },
      "original": {
        "owner": "nix-community",
        "ref": "release-23.05",
        "repo": "home-manager",
        "type": "github"
      }
    },
    "nixpkgs": {
      "locked": {
        "lastModified": 1668281765,
        "narHash": "sha256-6Tuj9CZ9HacMk7FJ8sF9XSVTBnUhVzlSY40Jo1krIaQ=",
        "owner": "NixOS",
        "repo": "nixpkgs",
        "rev": "c5091eec689acc45d4d818109236da31d3685ca2",
        "type": "github"
      },
      "original": {
        "owner": "NixOS",
        "ref": "nixos-22.05",
        "repo": "nixpkgs",
        "type": "github"
      }
    },
    "nixpkgs_2": {
      "locked": {
        "lastModified": 1687379288,
        "narHash": "sha256-cSuwfiqYfeVyqzCRkU9AvLTysmEuSal8nh6CYr+xWog=",
        "owner": "nixos",
        "repo": "nixpkgs",
        "rev": "ef0bc3976340dab9a4e087a0bcff661a8b2e87f3",
        "type": "github"
      },
      "original": {
        "owner": "nixos",
        "ref": "nixos-23.05",
        "repo": "nixpkgs",
        "type": "github"
      }
    },
    "nixpkgs_3": {
      "locked": {
        "lastModified": 1686921029,
        "narHash": "sha256-J1bX9plPCFhTSh6E3TWn9XSxggBh/zDD4xigyaIQBy8=",
        "owner": "NixOS",
        "repo": "nixpkgs",
        "rev": "c7ff1b9b95620ce8728c0d7bd501c458e6da9e04",
        "type": "github"
      },
      "original": {
        "owner": "NixOS",
        "ref": "nixos-23.05",
        "repo": "nixpkgs",
        "type": "github"
      }
    },
    "nixpkgs_4": {
      "locked": {
        "lastModified": 1669152211,
        "narHash": "sha256-mBLiTNTzrtlYPHF0bL8NeGA4n8K5b35fYVdqaTIIkgc=",
        "owner": "NixOS",
        "repo": "nixpkgs",
        "rev": "56ca700ceabcfa15396bcf581a1296e8e27ad677",
        "type": "github"
      },
      "original": {
        "owner": "NixOS",
        "ref": "nixos-22.05",
        "repo": "nixpkgs",
        "type": "github"
      }
    },
    "ogle": {
      "inputs": {
        "flake-utils": "flake-utils_2",
        "nixpkgs": "nixpkgs_3"
      },
      "locked": {
        "lastModified": 1687103269,
        "narHash": "sha256-HT6KiFBIFnszRz6KLbTmXriEp/krQ4AR2rN96Dhzd5M=",
        "owner": "lpenz",
        "repo": "ogle",
        "rev": "6c0406ca890114f05f028a35fe427f8520cc9e53",
        "type": "github"
      },
      "original": {
        "owner": "lpenz",
        "repo": "ogle",
        "type": "github"
      }
    },
    "root": {
      "inputs": {
        "execpermfix": "execpermfix",
        "home-manager": "home-manager",
        "nixpkgs": "nixpkgs_2",
        "ogle": "ogle",
        "tuzue": "tuzue"
      }
    },
    "systems": {
      "locked": {
        "lastModified": 1681028828,
        "narHash": "sha256-Vy1rq5AaRuLzOxct8nz4T6wlgyUR7zLU309k9mBC768=",
        "owner": "nix-systems",
        "repo": "default",
        "rev": "da67096a3b9bf56a91d16901293e51ba5b49a27e",
        "type": "github"
      },
      "original": {
        "owner": "nix-systems",
        "repo": "default",
        "type": "github"
      }
    },
    "tuzue": {
      "inputs": {
        "flake-utils": "flake-utils_3",
        "nixpkgs": "nixpkgs_4"
      },
      "locked": {
        "lastModified": 1680465014,
        "narHash": "sha256-mrYEzD7PwL44+moKJ1GWPK5FP201UBoy4S2rxv32CwM=",
        "owner": "lpenz",
        "repo": "tuzue",
        "rev": "1be02ade91fb413b50ecbb6518d74269bd233c9c",
        "type": "github"
      },
      "original": {
        "owner": "lpenz",
        "repo": "tuzue",
        "type": "github"
      }
    }
  },
  "root": "root",
  "version": 7
}
